
Microsoft Visual Studio Solution File, Format Version 12.00
# Visual Studio Version 17
VisualStudioVersion = 17.13.35919.96
MinimumVisualStudioVersion = 10.0.40219.1
Project("{2150E333-8FDC-42A3-9474-1A3956D46DE8}") = "Bootstrapper", "Bootstrapper", "{02EA681E-C7D8-13C7-8484-4AC65E1B71E8}"
EndProject
Project("{2150E333-8FDC-42A3-9474-1A3956D46DE8}") = "Modules", "Modules", "{3E45DE19-F320-49C8-9AB6-E56B15D8DD94}"
EndProject
Project("{2150E333-8FDC-42A3-9474-1A3956D46DE8}") = "Shared", "Shared", "{9ADF83F2-91A5-481B-BF7F-561FFD381031}"
EndProject
Project("{FAE04EC0-301F-11D3-BF4B-00C04F79EFBC}") = "Api", "Bootstrapper\Api\Api.csproj", "{BF518F16-9491-4C95-BF49-D0251DDF64F1}"
EndProject
Project("{2150E333-8FDC-42A3-9474-1A3956D46DE8}") = "Catalog", "Catalog", "{826F2217-E85E-45F6-86CB-EB537B845E05}"
EndProject
Project("{2150E333-8FDC-42A3-9474-1A3956D46DE8}") = "Basket", "Basket", "{3E58DB57-102B-484C-B8FC-9DB815AA128C}"
EndProject
Project("{2150E333-8FDC-42A3-9474-1A3956D46DE8}") = "Ordering", "Ordering", "{C4181827-F57D-43E5-B0C4-61ED59953BCE}"
EndProject
Project("{FAE04EC0-301F-11D3-BF4B-00C04F79EFBC}") = "Catalog", "Modules\Catalog\Catalog\Catalog.csproj", "{AFFF4858-7CBF-480D-9F55-8620AC5549BA}"
	ProjectSection(ProjectDependencies) = postProject
		{8D68F171-2DF9-4A44-A489-15C5790F487A} = {8D68F171-2DF9-4A44-A489-15C5790F487A}
	EndProjectSection
EndProject
Project("{FAE04EC0-301F-11D3-BF4B-00C04F79EFBC}") = "Basket", "Modules\Basket\Basket\Basket.csproj", "{23746718-1FB1-453B-8AC4-A89DA39A4421}"
EndProject
Project("{FAE04EC0-301F-11D3-BF4B-00C04F79EFBC}") = "Ordering", "Modules\Ordering\Ordering\Ordering.csproj", "{38D2B971-EAD2-4F06-930D-D601B2CF16F8}"
EndProject
Project("{FAE04EC0-301F-11D3-BF4B-00C04F79EFBC}") = "Shared", "Shared\Shared\Shared.csproj", "{8D68F171-2DF9-4A44-A489-15C5790F487A}"
EndProject
Project("{E53339B2-1760-4266-BCC7-CA923CBCF16C}") = "docker-compose", "docker-compose.dcproj", "{81DDED9D-158B-E303-5F62-77A2896D2A5A}"
	ProjectSection(ProjectDependencies) = postProject
		{BF518F16-9491-4C95-BF49-D0251DDF64F1} = {BF518F16-9491-4C95-BF49-D0251DDF64F1}
	EndProjectSection
EndProject
Project("{FAE04EC0-301F-11D3-BF4B-00C04F79EFBC}") = "Catalog.Contracts", "Modules\Catalog\Catalog.Contracts\Catalog.Contracts.csproj", "{4CA7C536-E163-4238-84D4-DF1B4F32894B}"
EndProject
Project("{FAE04EC0-301F-11D3-BF4B-00C04F79EFBC}") = "Shared.Contracts", "Shared\Shared.Contracts\Shared.Contracts.csproj", "{8D6D7916-AE9D-43EA-97B9-54E9F75DE7A6}"
EndProject
Project("{FAE04EC0-301F-11D3-BF4B-00C04F79EFBC}") = "Shared.Messaging", "Shared\Shared.Messaging\Shared.Messaging.csproj", "{7D737176-561A-46AE-9B79-7A517BFB31B9}"
EndProject
Global
	GlobalSection(SolutionConfigurationPlatforms) = preSolution
		Debug|Any CPU = Debug|Any CPU
		Release|Any CPU = Release|Any CPU
	EndGlobalSection
	GlobalSection(ProjectConfigurationPlatforms) = postSolution
		{BF518F16-9491-4C95-BF49-D0251DDF64F1}.Debug|Any CPU.ActiveCfg = Debug|Any CPU
		{BF518F16-9491-4C95-BF49-D0251DDF64F1}.Debug|Any CPU.Build.0 = Debug|Any CPU
		{BF518F16-9491-4C95-BF49-D0251DDF64F1}.Release|Any CPU.ActiveCfg = Release|Any CPU
		{BF518F16-9491-4C95-BF49-D0251DDF64F1}.Release|Any CPU.Build.0 = Release|Any CPU
		{AFFF4858-7CBF-480D-9F55-8620AC5549BA}.Debug|Any CPU.ActiveCfg = Debug|Any CPU
		{AFFF4858-7CBF-480D-9F55-8620AC5549BA}.Debug|Any CPU.Build.0 = Debug|Any CPU
		{AFFF4858-7CBF-480D-9F55-8620AC5549BA}.Release|Any CPU.ActiveCfg = Release|Any CPU
		{AFFF4858-7CBF-480D-9F55-8620AC5549BA}.Release|Any CPU.Build.0 = Release|Any CPU
		{23746718-1FB1-453B-8AC4-A89DA39A4421}.Debug|Any CPU.ActiveCfg = Debug|Any CPU
		{23746718-1FB1-453B-8AC4-A89DA39A4421}.Debug|Any CPU.Build.0 = Debug|Any CPU
		{23746718-1FB1-453B-8AC4-A89DA39A4421}.Release|Any CPU.ActiveCfg = Release|Any CPU
		{23746718-1FB1-453B-8AC4-A89DA39A4421}.Release|Any CPU.Build.0 = Release|Any CPU
		{38D2B971-EAD2-4F06-930D-D601B2CF16F8}.Debug|Any CPU.ActiveCfg = Debug|Any CPU
		{38D2B971-EAD2-4F06-930D-D601B2CF16F8}.Debug|Any CPU.Build.0 = Debug|Any CPU
		{38D2B971-EAD2-4F06-930D-D601B2CF16F8}.Release|Any CPU.ActiveCfg = Release|Any CPU
		{38D2B971-EAD2-4F06-930D-D601B2CF16F8}.Release|Any CPU.Build.0 = Release|Any CPU
		{8D68F171-2DF9-4A44-A489-15C5790F487A}.Debug|Any CPU.ActiveCfg = Debug|Any CPU
		{8D68F171-2DF9-4A44-A489-15C5790F487A}.Debug|Any CPU.Build.0 = Debug|Any CPU
		{8D68F171-2DF9-4A44-A489-15C5790F487A}.Release|Any CPU.ActiveCfg = Release|Any CPU
		{8D68F171-2DF9-4A44-A489-15C5790F487A}.Release|Any CPU.Build.0 = Release|Any CPU
		{81DDED9D-158B-E303-5F62-77A2896D2A5A}.Debug|Any CPU.ActiveCfg = Debug|Any CPU
		{81DDED9D-158B-E303-5F62-77A2896D2A5A}.Debug|Any CPU.Build.0 = Debug|Any CPU
		{81DDED9D-158B-E303-5F62-77A2896D2A5A}.Release|Any CPU.ActiveCfg = Release|Any CPU
		{81DDED9D-158B-E303-5F62-77A2896D2A5A}.Release|Any CPU.Build.0 = Release|Any CPU
		{4CA7C536-E163-4238-84D4-DF1B4F32894B}.Debug|Any CPU.ActiveCfg = Debug|Any CPU
		{4CA7C536-E163-4238-84D4-DF1B4F32894B}.Debug|Any CPU.Build.0 = Debug|Any CPU
		{4CA7C536-E163-4238-84D4-DF1B4F32894B}.Release|Any CPU.ActiveCfg = Release|Any CPU
		{4CA7C536-E163-4238-84D4-DF1B4F32894B}.Release|Any CPU.Build.0 = Release|Any CPU
		{8D6D7916-AE9D-43EA-97B9-54E9F75DE7A6}.Debug|Any CPU.ActiveCfg = Debug|Any CPU
		{8D6D7916-AE9D-43EA-97B9-54E9F75DE7A6}.Debug|Any CPU.Build.0 = Debug|Any CPU
		{8D6D7916-AE9D-43EA-97B9-54E9F75DE7A6}.Release|Any CPU.ActiveCfg = Release|Any CPU
		{8D6D7916-AE9D-43EA-97B9-54E9F75DE7A6}.Release|Any CPU.Build.0 = Release|Any CPU
		{7D737176-561A-46AE-9B79-7A517BFB31B9}.Debug|Any CPU.ActiveCfg = Debug|Any CPU
		{7D737176-561A-46AE-9B79-7A517BFB31B9}.Debug|Any CPU.Build.0 = Debug|Any CPU
		{7D737176-561A-46AE-9B79-7A517BFB31B9}.Release|Any CPU.ActiveCfg = Release|Any CPU
		{7D737176-561A-46AE-9B79-7A517BFB31B9}.Release|Any CPU.Build.0 = Release|Any CPU
	EndGlobalSection
	GlobalSection(SolutionProperties) = preSolution
		HideSolutionNode = FALSE
	EndGlobalSection
	GlobalSection(NestedProjects) = preSolution
		{BF518F16-9491-4C95-BF49-D0251DDF64F1} = {02EA681E-C7D8-13C7-8484-4AC65E1B71E8}
		{826F2217-E85E-45F6-86CB-EB537B845E05} = {3E45DE19-F320-49C8-9AB6-E56B15D8DD94}
		{3E58DB57-102B-484C-B8FC-9DB815AA128C} = {3E45DE19-F320-49C8-9AB6-E56B15D8DD94}
		{C4181827-F57D-43E5-B0C4-61ED59953BCE} = {3E45DE19-F320-49C8-9AB6-E56B15D8DD94}
		{AFFF4858-7CBF-480D-9F55-8620AC5549BA} = {826F2217-E85E-45F6-86CB-EB537B845E05}
		{23746718-1FB1-453B-8AC4-A89DA39A4421} = {3E58DB57-102B-484C-B8FC-9DB815AA128C}
		{38D2B971-EAD2-4F06-930D-D601B2CF16F8} = {C4181827-F57D-43E5-B0C4-61ED59953BCE}
		{8D68F171-2DF9-4A44-A489-15C5790F487A} = {9ADF83F2-91A5-481B-BF7F-561FFD381031}
		{4CA7C536-E163-4238-84D4-DF1B4F32894B} = {826F2217-E85E-45F6-86CB-EB537B845E05}
		{8D6D7916-AE9D-43EA-97B9-54E9F75DE7A6} = {9ADF83F2-91A5-481B-BF7F-561FFD381031}
		{7D737176-561A-46AE-9B79-7A517BFB31B9} = {9ADF83F2-91A5-481B-BF7F-561FFD381031}
	EndGlobalSection
	GlobalSection(ExtensibilityGlobals) = postSolution
		SolutionGuid = {67111E0B-C9EE-48B7-8FDA-828AAA56AADA}
	EndGlobalSection
EndGlobal
